# This file was autogenerated by Stack.
# You should not edit this file by hand.
# For more information, please see the documentation at:
#   https://docs.haskellstack.org/en/stable/lock_files

packages:
- completed:
    name: Stack
    version: 0.4.0
    git: https://gitlab.com/rwlock/Stack.git
    pantry-tree:
      size: 467
      sha256: 7778c2d4189325dd424dee1a4a79bc1efe7db4f6cb1fc8bd5b3042b822e33f0f
    commit: 74c1eb37eea045439a520dbb5f90a354ffeb45eb
  original:
    git: https://gitlab.com/rwlock/Stack.git
    commit: 74c1eb37eea045439a520dbb5f90a354ffeb45eb
snapshots:
- completed:
    size: 590102
    url: https://raw.githubusercontent.com/commercialhaskell/stackage-snapshots/master/lts/18/27.yaml
    sha256: 79a786674930a89301b0e908fad2822a48882f3d01486117693c377b8edffdbe
  original:
    url: https://raw.githubusercontent.com/commercialhaskell/stackage-snapshots/master/lts/18/27.yaml
